
Microsoft Visual Studio Solution File, Format Version 12.00
# Visual Studio 15
VisualStudioVersion = 15.0.28307.168
MinimumVisualStudioVersion = 10.0.40219.1
Project("{FAE04EC0-301F-11D3-BF4B-00C04F79EFBC}") = "Microservices.Booking", "Microservices.Booking\Microservices.Booking.csproj", "{6D622BF2-B579-486F-90EA-C2BEC26DC652}"
EndProject
Global
	GlobalSection(SolutionConfigurationPlatforms) = preSolution
		Debug|Any CPU = Debug|Any CPU
		Release|Any CPU = Release|Any CPU
	EndGlobalSection
	GlobalSection(ProjectConfigurationPlatforms) = postSolution
		{6D622BF2-B579-486F-90EA-C2BEC26DC652}.Debug|Any CPU.ActiveCfg = Debug|Any CPU
		{6D622BF2-B579-486F-90EA-C2BEC26DC652}.Debug|Any CPU.Build.0 = Debug|Any CPU
		{6D622BF2-B579-486F-90EA-C2BEC26DC652}.Release|Any CPU.ActiveCfg = Release|Any CPU
		{6D622BF2-B579-486F-90EA-C2BEC26DC652}.Release|Any CPU.Build.0 = Release|Any CPU
	EndGlobalSection
	GlobalSection(SolutionProperties) = preSolution
		HideSolutionNode = FALSE
	EndGlobalSection
	GlobalSection(ExtensibilityGlobals) = postSolution
		SolutionGuid = {319BA52E-374E-4BF6-8D8C-291FA299ED51}
	EndGlobalSection
EndGlobal
